<?xml version="1.0" encoding="utf-8"?>
<Project ToolsVersion="4.0" xmlns="http://schemas.microsoft.com/developer/msbuild/2003">
  <ItemGroup>
    <ClCompile Include="src\Engine\Graphics\AEXGfxSystem.cpp">
      <Filter>Engine\Graphics\System</Filter>
    </ClCompile>
    <ClCompile Include="src\Engine\Graphics\AEXTexture.cpp">
      <Filter>Engine\Graphics\Resources</Filter>
    </ClCompile>
    <ClCompile Include="src\Engine\Graphics\AEXTextureSampler.cpp">
      <Filter>Engine\Graphics\Resources</Filter>
    </ClCompile>
    <ClCompile Include="src\Engine\Graphics\AEXVertex.cpp">
      <Filter>Engine\Graphics\Resources</Filter>
    </ClCompile>
    <ClCompile Include="src\Engine\Core\AEXRtti.cpp">
      <Filter>Engine\Core</Filter>
    </ClCompile>
    <ClCompile Include="src\Engine\Graphics\AEXModel.cpp">
      <Filter>Engine\Graphics\Resources</Filter>
    </ClCompile>
    <ClCompile Include="src\Engine\Debug\MyDebug.cpp">
      <Filter>Engine\Utilities\Debug</Filter>
    </ClCompile>
    <ClCompile Include="src\Engine\Debug\CheckGLError.cpp">
      <Filter>Engine\Utilities\Debug</Filter>
    </ClCompile>
    <ClCompile Include="src\Engine\Graphics\AEXShader.cpp">
      <Filter>Engine\Graphics\Resources</Filter>
    </ClCompile>
    <ClCompile Include="src\Engine\Platform\AEXInput.cpp">
      <Filter>Engine\Platform\Input</Filter>
    </ClCompile>
    <ClCompile Include="src\Engine\Platform\AEXTime.cpp">
      <Filter>Engine\Platform\Time</Filter>
    </ClCompile>
    <ClCompile Include="src\Engine\Platform\AEXWindow.cpp">
      <Filter>Engine\Platform\Window</Filter>
    </ClCompile>
    <ClCompile Include="src\Engine\Graphics\AEXColor.cpp">
      <Filter>Engine\Graphics\Resources</Filter>
    </ClCompile>
    <ClCompile Include="src\Engine\Platform\AEXFilePath.cpp">
      <Filter>Engine\Platform\File</Filter>
    </ClCompile>
    <ClCompile Include="src\Engine\Platform\AEXOpenSaveFile.cpp">
      <Filter>Engine\Platform\File</Filter>
    </ClCompile>
    <ClCompile Include="src\Demos\Main.cpp">
      <Filter>Demos</Filter>
    </ClCompile>
    <ClCompile Include="src\Engine\AEX.cpp">
      <Filter>Engine</Filter>
    </ClCompile>
    <ClCompile Include="src\Demos\Simple Demo\SimpleDemo.cpp">
      <Filter>Demos\Simple Demo</Filter>
    </ClCompile>
    <ClCompile Include="src\Engine\Composition\AEXComponent.cpp">
      <Filter>Engine\Composition</Filter>
    </ClCompile>
    <ClCompile Include="src\Engine\Composition\AEXGameObject.cpp">
      <Filter>Engine\Composition</Filter>
    </ClCompile>
    <ClCompile Include="src\Engine\Graphics\Components\AEXCamera.cpp">
      <Filter>Engine\Graphics\Components</Filter>
    </ClCompile>
    <ClCompile Include="src\Engine\Graphics\Components\AEXRenderable.cpp">
      <Filter>Engine\Graphics\Components</Filter>
    </ClCompile>
    <ClCompile Include="src\Engine\Scene\AEXTransformComp.cpp">
      <Filter>Engine\Scene</Filter>
    </ClCompile>
    <ClCompile Include="src\Engine\Graphics\Components\AEXViewport.cpp">
      <Filter>Engine\Graphics\Components</Filter>
    </ClCompile>
    <ClCompile Include="src\Engine\Logic\AEXLogic.cpp">
      <Filter>Engine\Logic</Filter>
    </ClCompile>
    <ClCompile Include="src\Demos\JsonDemo\JsonDemo.cpp">
      <Filter>Demos\Json Demo</Filter>
    </ClCompile>
    <ClCompile Include="src\Demos\Imgui Demo\ImGuiDemo.cpp">
      <Filter>Demos\ImGuiDemo</Filter>
    </ClCompile>
    <ClCompile Include="src\Engine\ImGui\imgui\imgui.cpp" />
    <ClCompile Include="src\Engine\ImGui\imgui\imgui_demo.cpp" />
    <ClCompile Include="src\Engine\ImGui\imgui\imgui_draw.cpp" />
    <ClCompile Include="src\Engine\ImGui\imgui\imgui_widgets.cpp" />
    <ClCompile Include="src\Engine\ImGui\Gui.cpp" />
    <ClCompile Include="src\Engine\Json\Json.cpp" />
    <ClCompile Include="src\Engine\GSM\GameStateManager.cpp">
      <Filter>GSM</Filter>
    </ClCompile>
    <ClCompile Include="src\Engine\GSM\Input.cpp">
      <Filter>GSM</Filter>
    </ClCompile>
    <ClCompile Include="src\Engine\GSM\System.cpp">
      <Filter>GSM</Filter>
    </ClCompile>
    <ClCompile Include="src\Engine\GSM\Utils.cpp">
      <Filter>GSM</Filter>
    </ClCompile>
    <ClCompile Include="src\Engine\GSM\IbaiLevel1.cpp">
      <Filter>GSM</Filter>
    </ClCompile>
  </ItemGroup>
  <ItemGroup>
    <ClInclude Include="src\Engine\Core\AEXBase.h">
      <Filter>Engine\Core</Filter>
    </ClInclude>
    <ClInclude Include="src\Engine\Graphics\AEXGraphics.h">
      <Filter>Engine\Graphics</Filter>
    </ClInclude>
    <ClInclude Include="src\Engine\Graphics\AEXGfxSystem.h">
      <Filter>Engine\Graphics\System</Filter>
    </ClInclude>
    <ClInclude Include="src\Engine\Graphics\AEXGL.h">
      <Filter>Engine\Graphics\System</Filter>
    </ClInclude>
    <ClInclude Include="src\Engine\Graphics\AEXTexture.h">
      <Filter>Engine\Graphics\Resources</Filter>
    </ClInclude>
    <ClInclude Include="src\Engine\Graphics\AEXTextureSampler.h">
      <Filter>Engine\Graphics\Resources</Filter>
    </ClInclude>
    <ClInclude Include="src\Engine\Graphics\AEXVertex.h">
      <Filter>Engine\Graphics\Resources</Filter>
    </ClInclude>
    <ClInclude Include="src\Engine\Core\AEXCore.h">
      <Filter>Engine\Core</Filter>
    </ClInclude>
    <ClInclude Include="src\Engine\Core\AEXDataTypes.h">
      <Filter>Engine\Core</Filter>
    </ClInclude>
    <ClInclude Include="src\Engine\Core\AEXRtti.h">
      <Filter>Engine\Core</Filter>
    </ClInclude>
    <ClInclude Include="src\Engine\Core\AEXSystem.h">
      <Filter>Engine\Core</Filter>
    </ClInclude>
    <ClInclude Include="src\Engine\Graphics\AEXModel.h">
      <Filter>Engine\Graphics\Resources</Filter>
    </ClInclude>
    <ClInclude Include="src\Engine\Debug\MyDebug.h">
      <Filter>Engine\Utilities\Debug</Filter>
    </ClInclude>
    <ClInclude Include="src\Engine\Debug\CheckGLError.h">
      <Filter>Engine\Utilities\Debug</Filter>
    </ClInclude>
    <ClInclude Include="src\Engine\Graphics\AEXShader.h">
      <Filter>Engine\Graphics\Resources</Filter>
    </ClInclude>
    <ClInclude Include="src\Engine\AEX.h">
      <Filter>Engine</Filter>
    </ClInclude>
    <ClInclude Include="src\Engine\Platform\AEXInput.h">
      <Filter>Engine\Platform\Input</Filter>
    </ClInclude>
    <ClInclude Include="src\Engine\Platform\AEXTime.h">
      <Filter>Engine\Platform\Time</Filter>
    </ClInclude>
    <ClInclude Include="src\Engine\Platform\AEXWindow.h">
      <Filter>Engine\Platform\Window</Filter>
    </ClInclude>
    <ClInclude Include="src\Engine\Platform\AEXPlatform.h">
      <Filter>Engine\Platform</Filter>
    </ClInclude>
    <ClInclude Include="src\Engine\Logic\AEXGameState.h">
      <Filter>Engine\Logic</Filter>
    </ClInclude>
    <ClInclude Include="src\Engine\Utilities\AEXContainers.h">
      <Filter>Engine\Utilities</Filter>
    </ClInclude>
    <ClInclude Include="src\Engine\Graphics\AEXColor.h">
      <Filter>Engine\Graphics\Resources</Filter>
    </ClInclude>
    <ClInclude Include="src\Engine\Platform\AEXFilePath.h">
      <Filter>Engine\Platform\File</Filter>
    </ClInclude>
    <ClInclude Include="src\Engine\Platform\AEXOpenSaveFile.h">
      <Filter>Engine\Platform\File</Filter>
    </ClInclude>
    <ClInclude Include="src\Engine\Utilities\AEXUtils.h">
      <Filter>Engine\Utilities</Filter>
    </ClInclude>
    <ClInclude Include="src\Demos\Simple Demo\SimpleDemo.h">
      <Filter>Demos\Simple Demo</Filter>
    </ClInclude>
    <ClInclude Include="src\Engine\Composition\AEXComponent.h">
      <Filter>Engine\Composition</Filter>
    </ClInclude>
    <ClInclude Include="src\Engine\Composition\AEXComposition.h">
      <Filter>Engine\Composition</Filter>
    </ClInclude>
    <ClInclude Include="src\Engine\Composition\AEXGameObject.h">
      <Filter>Engine\Composition</Filter>
    </ClInclude>
    <ClInclude Include="src\Engine\Graphics\Components\AEXCamera.h">
      <Filter>Engine\Graphics\Components</Filter>
    </ClInclude>
    <ClInclude Include="src\Engine\Graphics\Components\AEXRenderable.h">
      <Filter>Engine\Graphics\Components</Filter>
    </ClInclude>
    <ClInclude Include="src\Engine\Scene\AEXTransformComp.h">
      <Filter>Engine\Scene</Filter>
    </ClInclude>
    <ClInclude Include="src\Engine\Graphics\Components\AEXViewport.h">
      <Filter>Engine\Graphics\Components</Filter>
    </ClInclude>
    <ClInclude Include="src\Engine\Logic\AEXLogic.h" />
    <ClInclude Include="src\Demos\JsonDemo\JsonDemo.h">
      <Filter>Demos\Json Demo</Filter>
    </ClInclude>
    <ClInclude Include="src\Engine\Utilities\AEXSerialization.h">
      <Filter>Demos\Json Demo</Filter>
    </ClInclude>
    <ClInclude Include="src\Demos\Imgui Demo\ImGuiDemo.h">
      <Filter>Demos\ImGuiDemo</Filter>
    </ClInclude>
    <ClInclude Include="src\Demos\Imgui Demo\imgui\imconfig.h" />
    <ClInclude Include="src\Engine\ImGui\imgui\imconfig.h" />
    <ClInclude Include="src\Engine\ImGui\imgui\imgui.h" />
    <ClInclude Include="src\Engine\ImGui\imgui\imgui_internal.h" />
    <ClInclude Include="src\Engine\ImGui\imgui\imstb_rectpack.h" />
    <ClInclude Include="src\Engine\ImGui\imgui\imstb_textedit.h" />
    <ClInclude Include="src\Engine\ImGui\imgui\imstb_truetype.h" />
    <ClInclude Include="src\Engine\ImGui\Gui.h" />
    <ClInclude Include="src\Engine\Json\Json.h" />
    <ClInclude Include="src\Engine\Json\json.hpp" />
    <ClInclude Include="src\Engine\GSM\GameStateList.h">
      <Filter>GSM</Filter>
    </ClInclude>
    <ClInclude Include="src\Engine\GSM\GameStateManager.h">
      <Filter>GSM</Filter>
    </ClInclude>
    <ClInclude Include="src\Engine\GSM\Input.h">
      <Filter>GSM</Filter>
    </ClInclude>
    <ClInclude Include="src\Engine\GSM\System.h">
      <Filter>GSM</Filter>
    </ClInclude>
    <ClInclude Include="src\Engine\GSM\Utils.h">
      <Filter>GSM</Filter>
    </ClInclude>
    <ClInclude Include="src\Engine\GSM\IbaiLevel1.h">
      <Filter>GSM</Filter>
    </ClInclude>
  </ItemGroup>
  <ItemGroup>
    <Filter Include="Engine">
      <UniqueIdentifier>{f717468b-6b7c-45e3-81bb-2eb550541e91}</UniqueIdentifier>
    </Filter>
    <Filter Include="Engine\Utilities">
      <UniqueIdentifier>{9e71435e-8eb7-4c23-89c4-7297e9a40b00}</UniqueIdentifier>
    </Filter>
    <Filter Include="Engine\Utilities\Debug">
      <UniqueIdentifier>{89759b91-0005-4915-90c7-40a1b159fca2}</UniqueIdentifier>
    </Filter>
    <Filter Include="Engine\Core">
      <UniqueIdentifier>{5ad3cbb9-0d3f-4cd0-b615-b0ce7c4581c2}</UniqueIdentifier>
    </Filter>
    <Filter Include="Engine\Graphics">
      <UniqueIdentifier>{d4818b64-a542-45b8-a008-22091c91192c}</UniqueIdentifier>
    </Filter>
    <Filter Include="Engine\Graphics\Resources">
      <UniqueIdentifier>{f4f369e6-0978-479f-8211-64982df3380e}</UniqueIdentifier>
    </Filter>
    <Filter Include="Engine\Graphics\System">
      <UniqueIdentifier>{24a235f0-c2fa-4efc-811f-4d20013a0f54}</UniqueIdentifier>
    </Filter>
    <Filter Include="Engine\Platform">
      <UniqueIdentifier>{0293a444-45dc-4ace-932b-67d0a536542b}</UniqueIdentifier>
    </Filter>
    <Filter Include="Engine\Platform\Window">
      <UniqueIdentifier>{b718b919-758f-4e0d-9fa3-98d8ad47d8cf}</UniqueIdentifier>
    </Filter>
    <Filter Include="Engine\Platform\Time">
      <UniqueIdentifier>{bc6a7a20-8e6c-42c4-a3d5-ad6129b2e65d}</UniqueIdentifier>
    </Filter>
    <Filter Include="Engine\Platform\Input">
      <UniqueIdentifier>{ab53917e-4af8-4daa-b3ed-1887ccea0b2e}</UniqueIdentifier>
    </Filter>
    <Filter Include="Engine\Platform\File">
      <UniqueIdentifier>{3551df55-a20f-4901-a711-0fcefd5d3e98}</UniqueIdentifier>
    </Filter>
    <Filter Include="Engine\Logic">
      <UniqueIdentifier>{5ef11ee5-2d67-496e-a467-75389f290de0}</UniqueIdentifier>
    </Filter>
    <Filter Include="Demos">
      <UniqueIdentifier>{d387940e-2c45-4b09-b598-d3cf8383b60c}</UniqueIdentifier>
    </Filter>
    <Filter Include="Demos\Simple Demo">
      <UniqueIdentifier>{cb10106b-50ec-4198-8d5c-0ee054817525}</UniqueIdentifier>
    </Filter>
    <Filter Include="Engine\Composition">
      <UniqueIdentifier>{9d4323fc-fa5a-48c5-a281-d57fce540145}</UniqueIdentifier>
    </Filter>
    <Filter Include="Engine\Graphics\Components">
      <UniqueIdentifier>{46151f53-439d-4833-8a6c-895d70cb69a8}</UniqueIdentifier>
    </Filter>
    <Filter Include="Engine\Scene">
      <UniqueIdentifier>{6aad3496-21fa-476d-a1c7-1d4ca1aeb41c}</UniqueIdentifier>
    </Filter>
    <Filter Include="Demos\Json Demo">
      <UniqueIdentifier>{55bf48d3-cb9f-4d61-a185-010a3b73b598}</UniqueIdentifier>
    </Filter>
    <Filter Include="Demos\ImGuiDemo">
      <UniqueIdentifier>{f21f2e92-100a-410c-bf35-b4e6468b53fd}</UniqueIdentifier>
    </Filter>
    <Filter Include="GSM">
      <UniqueIdentifier>{00e028ee-829f-4b0d-a11c-bb0c0f281c9f}</UniqueIdentifier>
    </Filter>
  </ItemGroup>
</Project>