<?xml version="1.0" encoding="utf-8"?>
<Project ToolsVersion="4.0" xmlns="http://schemas.microsoft.com/developer/msbuild/2003">
  <ItemGroup>
    <Filter Include="Engine">
      <UniqueIdentifier>{b7b36b50-14fa-4e7e-a67d-d26d570cc13f}</UniqueIdentifier>
    </Filter>
    <Filter Include="Game">
      <UniqueIdentifier>{fa50af9c-c9c3-45d8-a9b4-9123acc9bab1}</UniqueIdentifier>
    </Filter>
    <Filter Include="Engine\Math">
      <UniqueIdentifier>{f77ccc3c-a20b-4f81-ac64-7c68e9b6ceb1}</UniqueIdentifier>
    </Filter>
    <Filter Include="Engine\Physics">
      <UniqueIdentifier>{83f1c10f-7de2-4bb2-870c-a0d0eb63ba9e}</UniqueIdentifier>
    </Filter>
    <Filter Include="Engine\GSM">
      <UniqueIdentifier>{759f8ef5-6179-4a0b-955d-a79d5aa38363}</UniqueIdentifier>
    </Filter>
  </ItemGroup>
  <ItemGroup>
    <ClCompile Include="src\Game\Common.cpp">
      <Filter>Game</Filter>
    </ClCompile>
    <ClCompile Include="src\Game\Main.cpp">
      <Filter>Game</Filter>
    </ClCompile>
    <ClCompile Include="src\Game\Level_1.cpp">
      <Filter>Game</Filter>
    </ClCompile>
    <ClCompile Include="src\Game\Level_2.cpp">
      <Filter>Game</Filter>
    </ClCompile>
    <ClCompile Include="src\Game\Level_3.cpp">
      <Filter>Game</Filter>
    </ClCompile>
    <ClCompile Include="src\Game\Sandbox.cpp">
      <Filter>Game</Filter>
    </ClCompile>
    <ClCompile Include="src\Engine\Physics\CollisionSystem.cpp">
      <Filter>Engine\Physics</Filter>
    </ClCompile>
    <ClCompile Include="src\Engine\Physics\RigidBody.cpp">
      <Filter>Engine\Physics</Filter>
    </ClCompile>
    <ClCompile Include="src\Engine\Math\Vector2.cpp">
      <Filter>Engine\Math</Filter>
    </ClCompile>
    <ClCompile Include="src\Engine\GSM\GameStateManager.cpp">
      <Filter>Engine\GSM</Filter>
    </ClCompile>
    <ClCompile Include="src\Engine\Math\Matrix33.cpp">
      <Filter>Engine\Math</Filter>
    </ClCompile>
    <ClCompile Include="src\Engine\Math\Polygon2D.cpp">
      <Filter>Engine\Math</Filter>
    </ClCompile>
    <ClCompile Include="src\Engine\Math\Transform2D.cpp">
      <Filter>Engine\Math</Filter>
    </ClCompile>
    <ClCompile Include="src\Engine\Math\Collisions.cpp">
      <Filter>Engine\Math</Filter>
    </ClCompile>
    <ClCompile Include="src\Engine\Math\ContactCollisions.cpp">
      <Filter>Engine\Math</Filter>
    </ClCompile>
    <ClCompile Include="src\Game\Level_4.cpp">
      <Filter>Game</Filter>
    </ClCompile>
    <ClCompile Include="src\Engine\GSM\Input.cpp">
      <Filter>Engine\GSM</Filter>
    </ClCompile>
    <ClCompile Include="src\Engine\GSM\System.cpp">
      <Filter>Engine\GSM</Filter>
    </ClCompile>
    <ClCompile Include="src\Engine\GSM\Utils.cpp">
      <Filter>Engine\GSM</Filter>
    </ClCompile>
  </ItemGroup>
  <ItemGroup>
    <ClInclude Include="src\Engine\Engine.h">
      <Filter>Engine</Filter>
    </ClInclude>
    <ClInclude Include="src\Game\Common.h">
      <Filter>Game</Filter>
    </ClInclude>
    <ClInclude Include="src\Game\Level_1.h">
      <Filter>Game</Filter>
    </ClInclude>
    <ClInclude Include="src\Game\Level_2.h">
      <Filter>Game</Filter>
    </ClInclude>
    <ClInclude Include="src\Game\Level_3.h">
      <Filter>Game</Filter>
    </ClInclude>
    <ClInclude Include="src\Game\Sandbox.h">
      <Filter>Game</Filter>
    </ClInclude>
    <ClInclude Include="src\Engine\Physics\CollisionSystem.h">
      <Filter>Engine\Physics</Filter>
    </ClInclude>
    <ClInclude Include="src\Engine\Physics\RigidBody.h">
      <Filter>Engine\Physics</Filter>
    </ClInclude>
    <ClInclude Include="src\Engine\GSM\GameStateManager.h">
      <Filter>Engine\GSM</Filter>
    </ClInclude>
    <ClInclude Include="src\Engine\Math\Matrix33.h">
      <Filter>Engine\Math</Filter>
    </ClInclude>
    <ClInclude Include="src\Engine\Math\MyMath.h">
      <Filter>Engine\Math</Filter>
    </ClInclude>
    <ClInclude Include="src\Engine\Math\Polygon2D.h">
      <Filter>Engine\Math</Filter>
    </ClInclude>
    <ClInclude Include="src\Engine\Math\Transform2D.h">
      <Filter>Engine\Math</Filter>
    </ClInclude>
    <ClInclude Include="src\Engine\Math\Vector2.h">
      <Filter>Engine\Math</Filter>
    </ClInclude>
    <ClInclude Include="src\Engine\Math\Collisions.h">
      <Filter>Engine\Math</Filter>
    </ClInclude>
    <ClInclude Include="src\Engine\Math\ContactCollisions.h">
      <Filter>Engine\Math</Filter>
    </ClInclude>
    <ClInclude Include="src\Game\Level_4.h">
      <Filter>Game</Filter>
    </ClInclude>
    <ClInclude Include="src\Engine\GSM\GameStateList.h">
      <Filter>Engine\GSM</Filter>
    </ClInclude>
    <ClInclude Include="src\Engine\GSM\Input.h">
      <Filter>Engine\GSM</Filter>
    </ClInclude>
    <ClInclude Include="src\Engine\GSM\System.h">
      <Filter>Engine\GSM</Filter>
    </ClInclude>
    <ClInclude Include="src\Engine\GSM\Utils.h">
      <Filter>Engine\GSM</Filter>
    </ClInclude>
  </ItemGroup>
</Project>